
Microsoft Visual Studio Solution File, Format Version 12.00
# Visual Studio 15
VisualStudioVersion = 15.0.27004.2010
MinimumVisualStudioVersion = 10.0.40219.1
Project("{FAE04EC0-301F-11D3-BF4B-00C04F79EFBC}") = "Core", "Core\Core.csproj", "{6D3BBECC-E729-4585-A629-88CF1F3F4CCB}"
EndProject
Project("{FAE04EC0-301F-11D3-BF4B-00C04F79EFBC}") = "CVA.Core.DSP.Controle", "CVA.Core.DSP.Controle\CVA.Core.DSP.Controle.csproj", "{76A99DDD-D24E-46D3-A151-9FD39AD00664}"
EndProject
Global
	GlobalSection(SolutionConfigurationPlatforms) = preSolution
		Debug|Any CPU = Debug|Any CPU
		Debug|x86 = Debug|x86
		Release|Any CPU = Release|Any CPU
		Release|x86 = Release|x86
	EndGlobalSection
	GlobalSection(ProjectConfigurationPlatforms) = postSolution
		{6D3BBECC-E729-4585-A629-88CF1F3F4CCB}.Debug|Any CPU.ActiveCfg = Debug|Any CPU
		{6D3BBECC-E729-4585-A629-88CF1F3F4CCB}.Debug|Any CPU.Build.0 = Debug|Any CPU
		{6D3BBECC-E729-4585-A629-88CF1F3F4CCB}.Debug|x86.ActiveCfg = Debug|x86
		{6D3BBECC-E729-4585-A629-88CF1F3F4CCB}.Debug|x86.Build.0 = Debug|x86
		{6D3BBECC-E729-4585-A629-88CF1F3F4CCB}.Release|Any CPU.ActiveCfg = Release|Any CPU
		{6D3BBECC-E729-4585-A629-88CF1F3F4CCB}.Release|Any CPU.Build.0 = Release|Any CPU
		{6D3BBECC-E729-4585-A629-88CF1F3F4CCB}.Release|x86.ActiveCfg = Release|x86
		{6D3BBECC-E729-4585-A629-88CF1F3F4CCB}.Release|x86.Build.0 = Release|x86
		{76A99DDD-D24E-46D3-A151-9FD39AD00664}.Debug|Any CPU.ActiveCfg = Debug|Any CPU
		{76A99DDD-D24E-46D3-A151-9FD39AD00664}.Debug|Any CPU.Build.0 = Debug|Any CPU
		{76A99DDD-D24E-46D3-A151-9FD39AD00664}.Debug|x86.ActiveCfg = Debug|x86
		{76A99DDD-D24E-46D3-A151-9FD39AD00664}.Debug|x86.Build.0 = Debug|x86
		{76A99DDD-D24E-46D3-A151-9FD39AD00664}.Release|Any CPU.ActiveCfg = Release|Any CPU
		{76A99DDD-D24E-46D3-A151-9FD39AD00664}.Release|Any CPU.Build.0 = Release|Any CPU
		{76A99DDD-D24E-46D3-A151-9FD39AD00664}.Release|x86.ActiveCfg = Release|x86
		{76A99DDD-D24E-46D3-A151-9FD39AD00664}.Release|x86.Build.0 = Release|x86
	EndGlobalSection
	GlobalSection(SolutionProperties) = preSolution
		HideSolutionNode = FALSE
	EndGlobalSection
	GlobalSection(ExtensibilityGlobals) = postSolution
		SolutionGuid = {96C308FD-E484-4065-B25A-DAAA7BD23825}
	EndGlobalSection
	GlobalSection(TeamFoundationVersionControl) = preSolution
		SccNumberOfProjects = 3
		SccEnterpriseProvider = {4CA58AB2-18FA-4F8D-95D4-32DDF27D184C}
		SccTeamFoundationServer = https://cvaconsultoria.visualstudio.com/
		SccLocalPath0 = .
		SccProjectUniqueName1 = Core\\Core.csproj
		SccProjectName1 = Core
		SccLocalPath1 = Core
		SccProjectUniqueName2 = CVA.Core.DSP.Controle\\CVA.Core.DSP.Controle.csproj
		SccProjectName2 = CVA.Core.DSP.Controle
		SccLocalPath2 = CVA.Core.DSP.Controle
	EndGlobalSection
EndGlobal
