
Microsoft Visual Studio Solution File, Format Version 12.00
# Visual Studio Version 16
VisualStudioVersion = 16.0.30503.244
MinimumVisualStudioVersion = 10.0.40219.1
Project("{9A19103F-16F7-4668-BE54-9A1E7A4F7556}") = "ServiceLayerHelper", "CVA.ServiceLayerHelper\ServiceLayerHelper.csproj", "{2CAC2831-C970-408E-85F0-327160827D0F}"
EndProject
Project("{9A19103F-16F7-4668-BE54-9A1E7A4F7556}") = "CVA.IntegracaoMagento.BusinessPartner", "CVA.IntegracaoMagento.BusinessPartner\CVA.IntegracaoMagento.BusinessPartner.csproj", "{CF2D4530-72C6-42CA-BF6C-7C76F44E7E3F}"
EndProject
Project("{9A19103F-16F7-4668-BE54-9A1E7A4F7556}") = "CVA.IntegracaoMagento.Items", "CVA.IntegracaoMagento.Items\CVA.IntegracaoMagento.Items.csproj", "{DFC0BBED-DA82-468A-8035-344C11A94B4E}"
EndProject
Project("{9A19103F-16F7-4668-BE54-9A1E7A4F7556}") = "CVA.IntegracaoMagento.PriceList", "CVA.IntegracaoMagento.PriceList\CVA.IntegracaoMagento.PriceList.csproj", "{23034757-9489-4D94-B916-4D64C940ED66}"
EndProject
Project("{9A19103F-16F7-4668-BE54-9A1E7A4F7556}") = "CVA.IntegracaoMagento.PriceListSpecial", "CVA.IntegracaoMagento.PriceListSpecial\CVA.IntegracaoMagento.PriceListSpecial.csproj", "{82303D5E-7DA1-4B0D-BF5B-A0FD719C4548}"
EndProject
Project("{9A19103F-16F7-4668-BE54-9A1E7A4F7556}") = "CVA.IntegracaoMagento.SalesOrder", "CVA.IntegracaoMagento.SalesOrder\CVA.IntegracaoMagento.SalesOrder.csproj", "{3BA95BD8-0710-4E43-A226-019778A0ACCA}"
EndProject
Project("{9A19103F-16F7-4668-BE54-9A1E7A4F7556}") = "CVA.IntegracaoMagento.SalesOrderStatus", "CVA.IntegracaoMagento.SalesOrderStatus\CVA.IntegracaoMagento.SalesOrderStatus.csproj", "{2D9E2CAF-5362-439C-A28A-CCD519CFC7EC}"
EndProject
Project("{9A19103F-16F7-4668-BE54-9A1E7A4F7556}") = "CVA.IntegracaoMagento.StockItems", "CVA.IntegracaoMagento.StockItems\CVA.IntegracaoMagento.StockItems.csproj", "{8FF283B6-BA8F-4186-A108-EA13474ACCBC}"
EndProject
Project("{FAE04EC0-301F-11D3-BF4B-00C04F79EFBC}") = "CVA.IntegracaoMagento.SalesInvoice", "CVA.IntegracaoMagento.SalesInvoice\CVA.IntegracaoMagento.SalesInvoice.csproj", "{AA8F9FCB-96CE-4650-8CEA-2780407627AD}"
EndProject
Global
	GlobalSection(SolutionConfigurationPlatforms) = preSolution
		Debug|Any CPU = Debug|Any CPU
		Release|Any CPU = Release|Any CPU
	EndGlobalSection
	GlobalSection(ProjectConfigurationPlatforms) = postSolution
		{2CAC2831-C970-408E-85F0-327160827D0F}.Debug|Any CPU.ActiveCfg = Debug|Any CPU
		{2CAC2831-C970-408E-85F0-327160827D0F}.Debug|Any CPU.Build.0 = Debug|Any CPU
		{2CAC2831-C970-408E-85F0-327160827D0F}.Release|Any CPU.ActiveCfg = Release|Any CPU
		{2CAC2831-C970-408E-85F0-327160827D0F}.Release|Any CPU.Build.0 = Release|Any CPU
		{CF2D4530-72C6-42CA-BF6C-7C76F44E7E3F}.Debug|Any CPU.ActiveCfg = Debug|Any CPU
		{CF2D4530-72C6-42CA-BF6C-7C76F44E7E3F}.Debug|Any CPU.Build.0 = Debug|Any CPU
		{CF2D4530-72C6-42CA-BF6C-7C76F44E7E3F}.Release|Any CPU.ActiveCfg = Release|Any CPU
		{CF2D4530-72C6-42CA-BF6C-7C76F44E7E3F}.Release|Any CPU.Build.0 = Release|Any CPU
		{DFC0BBED-DA82-468A-8035-344C11A94B4E}.Debug|Any CPU.ActiveCfg = Debug|Any CPU
		{DFC0BBED-DA82-468A-8035-344C11A94B4E}.Debug|Any CPU.Build.0 = Debug|Any CPU
		{DFC0BBED-DA82-468A-8035-344C11A94B4E}.Release|Any CPU.ActiveCfg = Release|Any CPU
		{DFC0BBED-DA82-468A-8035-344C11A94B4E}.Release|Any CPU.Build.0 = Release|Any CPU
		{23034757-9489-4D94-B916-4D64C940ED66}.Debug|Any CPU.ActiveCfg = Debug|Any CPU
		{23034757-9489-4D94-B916-4D64C940ED66}.Debug|Any CPU.Build.0 = Debug|Any CPU
		{23034757-9489-4D94-B916-4D64C940ED66}.Release|Any CPU.ActiveCfg = Release|Any CPU
		{23034757-9489-4D94-B916-4D64C940ED66}.Release|Any CPU.Build.0 = Release|Any CPU
		{82303D5E-7DA1-4B0D-BF5B-A0FD719C4548}.Debug|Any CPU.ActiveCfg = Debug|Any CPU
		{82303D5E-7DA1-4B0D-BF5B-A0FD719C4548}.Debug|Any CPU.Build.0 = Debug|Any CPU
		{82303D5E-7DA1-4B0D-BF5B-A0FD719C4548}.Release|Any CPU.ActiveCfg = Release|Any CPU
		{82303D5E-7DA1-4B0D-BF5B-A0FD719C4548}.Release|Any CPU.Build.0 = Release|Any CPU
		{3BA95BD8-0710-4E43-A226-019778A0ACCA}.Debug|Any CPU.ActiveCfg = Debug|Any CPU
		{3BA95BD8-0710-4E43-A226-019778A0ACCA}.Debug|Any CPU.Build.0 = Debug|Any CPU
		{3BA95BD8-0710-4E43-A226-019778A0ACCA}.Release|Any CPU.ActiveCfg = Release|Any CPU
		{3BA95BD8-0710-4E43-A226-019778A0ACCA}.Release|Any CPU.Build.0 = Release|Any CPU
		{2D9E2CAF-5362-439C-A28A-CCD519CFC7EC}.Debug|Any CPU.ActiveCfg = Debug|Any CPU
		{2D9E2CAF-5362-439C-A28A-CCD519CFC7EC}.Debug|Any CPU.Build.0 = Debug|Any CPU
		{2D9E2CAF-5362-439C-A28A-CCD519CFC7EC}.Release|Any CPU.ActiveCfg = Release|Any CPU
		{2D9E2CAF-5362-439C-A28A-CCD519CFC7EC}.Release|Any CPU.Build.0 = Release|Any CPU
		{8FF283B6-BA8F-4186-A108-EA13474ACCBC}.Debug|Any CPU.ActiveCfg = Debug|Any CPU
		{8FF283B6-BA8F-4186-A108-EA13474ACCBC}.Debug|Any CPU.Build.0 = Debug|Any CPU
		{8FF283B6-BA8F-4186-A108-EA13474ACCBC}.Release|Any CPU.ActiveCfg = Release|Any CPU
		{8FF283B6-BA8F-4186-A108-EA13474ACCBC}.Release|Any CPU.Build.0 = Release|Any CPU
		{AA8F9FCB-96CE-4650-8CEA-2780407627AD}.Debug|Any CPU.ActiveCfg = Debug|Any CPU
		{AA8F9FCB-96CE-4650-8CEA-2780407627AD}.Debug|Any CPU.Build.0 = Debug|Any CPU
		{AA8F9FCB-96CE-4650-8CEA-2780407627AD}.Release|Any CPU.ActiveCfg = Release|Any CPU
		{AA8F9FCB-96CE-4650-8CEA-2780407627AD}.Release|Any CPU.Build.0 = Release|Any CPU
	EndGlobalSection
	GlobalSection(SolutionProperties) = preSolution
		HideSolutionNode = FALSE
	EndGlobalSection
	GlobalSection(ExtensibilityGlobals) = postSolution
		SolutionGuid = {DC1F1FE7-3CB6-4E24-8FF3-E42500234A95}
	EndGlobalSection
	GlobalSection(TeamFoundationVersionControl) = preSolution
		SccNumberOfProjects = 10
		SccEnterpriseProvider = {4CA58AB2-18FA-4F8D-95D4-32DDF27D184C}
		SccTeamFoundationServer = https://cvaconsultoria.visualstudio.com/
		SccLocalPath0 = .
		SccProjectUniqueName1 = CVA.ServiceLayerHelper\\ServiceLayerHelper.csproj
		SccProjectName1 = CVA.ServiceLayerHelper
		SccLocalPath1 = CVA.ServiceLayerHelper
		SccProjectUniqueName2 = CVA.IntegracaoMagento.BusinessPartner\\CVA.IntegracaoMagento.BusinessPartner.csproj
		SccProjectName2 = CVA.IntegracaoMagento.BusinessPartner
		SccLocalPath2 = CVA.IntegracaoMagento.BusinessPartner
		SccProjectUniqueName3 = CVA.IntegracaoMagento.Items\\CVA.IntegracaoMagento.Items.csproj
		SccProjectName3 = CVA.IntegracaoMagento.Items
		SccLocalPath3 = CVA.IntegracaoMagento.Items
		SccProjectUniqueName4 = CVA.IntegracaoMagento.PriceList\\CVA.IntegracaoMagento.PriceList.csproj
		SccProjectName4 = CVA.IntegracaoMagento.PriceList
		SccLocalPath4 = CVA.IntegracaoMagento.PriceList
		SccProjectUniqueName5 = CVA.IntegracaoMagento.PriceListSpecial\\CVA.IntegracaoMagento.PriceListSpecial.csproj
		SccProjectName5 = CVA.IntegracaoMagento.PriceListSpecial
		SccLocalPath5 = CVA.IntegracaoMagento.PriceListSpecial
		SccProjectUniqueName6 = CVA.IntegracaoMagento.SalesOrder\\CVA.IntegracaoMagento.SalesOrder.csproj
		SccProjectName6 = CVA.IntegracaoMagento.SalesOrder
		SccLocalPath6 = CVA.IntegracaoMagento.SalesOrder
		SccProjectUniqueName7 = CVA.IntegracaoMagento.SalesOrderStatus\\CVA.IntegracaoMagento.SalesOrderStatus.csproj
		SccProjectName7 = CVA.IntegracaoMagento.SalesOrderStatus
		SccLocalPath7 = CVA.IntegracaoMagento.SalesOrderStatus
		SccProjectUniqueName8 = CVA.IntegracaoMagento.StockItems\\CVA.IntegracaoMagento.StockItems.csproj
		SccProjectName8 = CVA.IntegracaoMagento.StockItems
		SccLocalPath8 = CVA.IntegracaoMagento.StockItems
		SccProjectUniqueName9 = CVA.IntegracaoMagento.SalesInvoice\\CVA.IntegracaoMagento.SalesInvoice.csproj
		SccProjectName9 = CVA.IntegracaoMagento.SalesInvoice
		SccLocalPath9 = CVA.IntegracaoMagento.SalesInvoice
	EndGlobalSection
EndGlobal
