
Microsoft Visual Studio Solution File, Format Version 12.00
# Visual Studio 14
VisualStudioVersion = 14.0.25123.0
MinimumVisualStudioVersion = 10.0.40219.1
Project("{FAE04EC0-301F-11D3-BF4B-00C04F79EFBC}") = "CVA.Core.ControlCommon", "CVA.Core.ControlCommon\CVA.Core.ControlCommon.csproj", "{78A5A611-A582-4E68-80A4-7DD8660E16FF}"
EndProject
Project("{FAE04EC0-301F-11D3-BF4B-00C04F79EFBC}") = "Core", "Core\Core.csproj", "{09E1D68E-CE6B-4D93-AB5B-A26319584C2C}"
EndProject
Global
	GlobalSection(SolutionConfigurationPlatforms) = preSolution
		Debug|Any CPU = Debug|Any CPU
		Release|Any CPU = Release|Any CPU
	EndGlobalSection
	GlobalSection(ProjectConfigurationPlatforms) = postSolution
		{78A5A611-A582-4E68-80A4-7DD8660E16FF}.Debug|Any CPU.ActiveCfg = Debug|Any CPU
		{78A5A611-A582-4E68-80A4-7DD8660E16FF}.Debug|Any CPU.Build.0 = Debug|Any CPU
		{78A5A611-A582-4E68-80A4-7DD8660E16FF}.Release|Any CPU.ActiveCfg = Release|Any CPU
		{78A5A611-A582-4E68-80A4-7DD8660E16FF}.Release|Any CPU.Build.0 = Release|Any CPU
		{09E1D68E-CE6B-4D93-AB5B-A26319584C2C}.Debug|Any CPU.ActiveCfg = Debug|Any CPU
		{09E1D68E-CE6B-4D93-AB5B-A26319584C2C}.Debug|Any CPU.Build.0 = Debug|Any CPU
		{09E1D68E-CE6B-4D93-AB5B-A26319584C2C}.Release|Any CPU.ActiveCfg = Release|Any CPU
		{09E1D68E-CE6B-4D93-AB5B-A26319584C2C}.Release|Any CPU.Build.0 = Release|Any CPU
	EndGlobalSection
	GlobalSection(SolutionProperties) = preSolution
		HideSolutionNode = FALSE
	EndGlobalSection
	GlobalSection(TeamFoundationVersionControl) = preSolution
		SccNumberOfProjects = 3
		SccEnterpriseProvider = {4CA58AB2-18FA-4F8D-95D4-32DDF27D184C}
		SccTeamFoundationServer = https://cvaconsultoria.visualstudio.com/
		SccLocalPath0 = .
		SccProjectUniqueName1 = Core\\Core.csproj
		SccProjectName1 = Core
		SccLocalPath1 = Core
		SccProjectUniqueName2 = CVA.Core.ControlCommon\\CVA.Core.ControlCommon.csproj
		SccProjectName2 = CVA.Core.ControlCommon
		SccLocalPath2 = CVA.Core.ControlCommon
	EndGlobalSection
EndGlobal
