
Microsoft Visual Studio Solution File, Format Version 12.00
# Visual Studio Version 16
VisualStudioVersion = 16.0.29519.181
MinimumVisualStudioVersion = 10.0.40219.1
Project("{FAE04EC0-301F-11D3-BF4B-00C04F79EFBC}") = "CVA.Cointer.Megasul.API", "CVA.Cointer.Megasul.API\CVA.Cointer.Megasul.API.csproj", "{DBE72761-CC37-402F-861A-0332934A0E03}"
EndProject
Global
	GlobalSection(SolutionConfigurationPlatforms) = preSolution
		Debug|Any CPU = Debug|Any CPU
		Release|Any CPU = Release|Any CPU
	EndGlobalSection
	GlobalSection(ProjectConfigurationPlatforms) = postSolution
		{DBE72761-CC37-402F-861A-0332934A0E03}.Debug|Any CPU.ActiveCfg = Debug|Any CPU
		{DBE72761-CC37-402F-861A-0332934A0E03}.Debug|Any CPU.Build.0 = Debug|Any CPU
		{DBE72761-CC37-402F-861A-0332934A0E03}.Release|Any CPU.ActiveCfg = Release|Any CPU
		{DBE72761-CC37-402F-861A-0332934A0E03}.Release|Any CPU.Build.0 = Release|Any CPU
	EndGlobalSection
	GlobalSection(SolutionProperties) = preSolution
		HideSolutionNode = FALSE
	EndGlobalSection
	GlobalSection(ExtensibilityGlobals) = postSolution
		SolutionGuid = {4E54E82F-D251-401B-9933-164E76287CC4}
	EndGlobalSection
	GlobalSection(TeamFoundationVersionControl) = preSolution
		SccNumberOfProjects = 2
		SccEnterpriseProvider = {4CA58AB2-18FA-4F8D-95D4-32DDF27D184C}
		SccTeamFoundationServer = https://cvaconsultoria.visualstudio.com/
		SccProjectUniqueName0 = CVA.Cointer.Megasul.API\\CVA.Cointer.Megasul.API.csproj
		SccProjectName0 = CVA.Cointer.Megasul.API
		SccLocalPath0 = CVA.Cointer.Megasul.API
		SccLocalPath1 = .
	EndGlobalSection
EndGlobal
