
Microsoft Visual Studio Solution File, Format Version 12.00
# Visual Studio 15
VisualStudioVersion = 15.0.27703.2047
MinimumVisualStudioVersion = 10.0.40219.1
Project("{FAE04EC0-301F-11D3-BF4B-00C04F79EFBC}") = "CVA.Tust.Import", "CVA.Tust.Import\CVA.Tust.Import.csproj", "{C08BEB7C-41D5-4B48-93D5-635B0B1579A5}"
EndProject
Global
	GlobalSection(SolutionConfigurationPlatforms) = preSolution
		Debug|Any CPU = Debug|Any CPU
		Release|Any CPU = Release|Any CPU
	EndGlobalSection
	GlobalSection(ProjectConfigurationPlatforms) = postSolution
		{C08BEB7C-41D5-4B48-93D5-635B0B1579A5}.Debug|Any CPU.ActiveCfg = Debug|Any CPU
		{C08BEB7C-41D5-4B48-93D5-635B0B1579A5}.Debug|Any CPU.Build.0 = Debug|Any CPU
		{C08BEB7C-41D5-4B48-93D5-635B0B1579A5}.Release|Any CPU.ActiveCfg = Release|Any CPU
		{C08BEB7C-41D5-4B48-93D5-635B0B1579A5}.Release|Any CPU.Build.0 = Release|Any CPU
	EndGlobalSection
	GlobalSection(SolutionProperties) = preSolution
		HideSolutionNode = FALSE
	EndGlobalSection
	GlobalSection(ExtensibilityGlobals) = postSolution
		SolutionGuid = {A3368E7D-A71D-4F43-BFCE-2236E8B3F8E3}
	EndGlobalSection
	GlobalSection(TeamFoundationVersionControl) = preSolution
		SccNumberOfProjects = 2
		SccEnterpriseProvider = {4CA58AB2-18FA-4F8D-95D4-32DDF27D184C}
		SccTeamFoundationServer = https://cvaconsultoria.visualstudio.com/
		SccLocalPath0 = .
		SccProjectUniqueName1 = CVA.Tust.Import\\CVA.Tust.Import.csproj
		SccProjectName1 = CVA.Tust.Import
		SccLocalPath1 = CVA.Tust.Import
	EndGlobalSection
EndGlobal
