
Microsoft Visual Studio Solution File, Format Version 12.00
# Visual Studio 15
VisualStudioVersion = 15.0.27703.2035
MinimumVisualStudioVersion = 10.0.40219.1
Project("{FAE04EC0-301F-11D3-BF4B-00C04F79EFBC}") = "TaxDeterminationLoader", "TaxDeterminationLoader.csproj", "{9BCF14A1-9679-4A8D-BF45-2621EF98DBBC}"
EndProject
Project("{F184B08F-C81C-45F6-A57F-5ABD9991F28F}") = "SetupX64", "SetupX64\Setup\SetupX64.vbproj", "{DAEFC640-5CFF-4864-854A-1EDC5C011439}"
EndProject
Project("{F184B08F-C81C-45F6-A57F-5ABD9991F28F}") = "SetupX32", "SetupX32\Setup\SetupX32.vbproj", "{B6DA8C96-ADA9-403A-A940-0F27B5503553}"
EndProject
Global
	GlobalSection(SolutionConfigurationPlatforms) = preSolution
		Debug|Any CPU = Debug|Any CPU
		Debug|x86 = Debug|x86
		Release|Any CPU = Release|Any CPU
		Release|x86 = Release|x86
	EndGlobalSection
	GlobalSection(ProjectConfigurationPlatforms) = postSolution
		{9BCF14A1-9679-4A8D-BF45-2621EF98DBBC}.Debug|Any CPU.ActiveCfg = Debug|Any CPU
		{9BCF14A1-9679-4A8D-BF45-2621EF98DBBC}.Debug|Any CPU.Build.0 = Debug|Any CPU
		{9BCF14A1-9679-4A8D-BF45-2621EF98DBBC}.Debug|x86.ActiveCfg = Debug|x86
		{9BCF14A1-9679-4A8D-BF45-2621EF98DBBC}.Debug|x86.Build.0 = Debug|x86
		{9BCF14A1-9679-4A8D-BF45-2621EF98DBBC}.Release|Any CPU.ActiveCfg = Release|Any CPU
		{9BCF14A1-9679-4A8D-BF45-2621EF98DBBC}.Release|Any CPU.Build.0 = Release|Any CPU
		{9BCF14A1-9679-4A8D-BF45-2621EF98DBBC}.Release|x86.ActiveCfg = Release|x86
		{9BCF14A1-9679-4A8D-BF45-2621EF98DBBC}.Release|x86.Build.0 = Release|x86
		{DAEFC640-5CFF-4864-854A-1EDC5C011439}.Debug|Any CPU.ActiveCfg = Debug|Any CPU
		{DAEFC640-5CFF-4864-854A-1EDC5C011439}.Debug|Any CPU.Build.0 = Debug|Any CPU
		{DAEFC640-5CFF-4864-854A-1EDC5C011439}.Debug|x86.ActiveCfg = Debug|x86
		{DAEFC640-5CFF-4864-854A-1EDC5C011439}.Debug|x86.Build.0 = Debug|x86
		{DAEFC640-5CFF-4864-854A-1EDC5C011439}.Release|Any CPU.ActiveCfg = Release|Any CPU
		{DAEFC640-5CFF-4864-854A-1EDC5C011439}.Release|Any CPU.Build.0 = Release|Any CPU
		{DAEFC640-5CFF-4864-854A-1EDC5C011439}.Release|x86.ActiveCfg = Release|x86
		{DAEFC640-5CFF-4864-854A-1EDC5C011439}.Release|x86.Build.0 = Release|x86
		{B6DA8C96-ADA9-403A-A940-0F27B5503553}.Debug|Any CPU.ActiveCfg = Debug|Any CPU
		{B6DA8C96-ADA9-403A-A940-0F27B5503553}.Debug|Any CPU.Build.0 = Debug|Any CPU
		{B6DA8C96-ADA9-403A-A940-0F27B5503553}.Debug|x86.ActiveCfg = Debug|x86
		{B6DA8C96-ADA9-403A-A940-0F27B5503553}.Debug|x86.Build.0 = Debug|x86
		{B6DA8C96-ADA9-403A-A940-0F27B5503553}.Release|Any CPU.ActiveCfg = Release|Any CPU
		{B6DA8C96-ADA9-403A-A940-0F27B5503553}.Release|Any CPU.Build.0 = Release|Any CPU
		{B6DA8C96-ADA9-403A-A940-0F27B5503553}.Release|x86.ActiveCfg = Release|x86
		{B6DA8C96-ADA9-403A-A940-0F27B5503553}.Release|x86.Build.0 = Release|x86
	EndGlobalSection
	GlobalSection(SolutionProperties) = preSolution
		HideSolutionNode = FALSE
	EndGlobalSection
	GlobalSection(ExtensibilityGlobals) = postSolution
		SolutionGuid = {D4277141-0BE7-4098-B497-87FAC32F6209}
	EndGlobalSection
	GlobalSection(TeamFoundationVersionControl) = preSolution
		SccNumberOfProjects = 4
		SccEnterpriseProvider = {4CA58AB2-18FA-4F8D-95D4-32DDF27D184C}
		SccTeamFoundationServer = https://cvaconsultoria.visualstudio.com/
		SccLocalPath0 = .
		SccProjectUniqueName1 = TaxDeterminationLoader.csproj
		SccLocalPath1 = .
		SccProjectUniqueName2 = SetupX64\\Setup\\SetupX64.vbproj
		SccProjectName2 = SetupX64/Setup
		SccLocalPath2 = SetupX64\\Setup
		SccProjectUniqueName3 = SetupX32\\Setup\\SetupX32.vbproj
		SccProjectName3 = SetupX32/Setup
		SccLocalPath3 = SetupX32\\Setup
	EndGlobalSection
EndGlobal
