
Microsoft Visual Studio Solution File, Format Version 12.00
# Visual Studio 15
VisualStudioVersion = 15.0.26730.12
MinimumVisualStudioVersion = 10.0.40219.1
Project("{FAE04EC0-301F-11D3-BF4B-00C04F79EFBC}") = "CVA.Hybel.Monitor.IntegSkaSap", "CVA.Hybel.Monitor.IntegSkaSap\CVA.Hybel.Monitor.IntegSkaSap.csproj", "{2C54CFA8-29C0-4F54-95D6-1F339C240CCF}"
EndProject
Global
	GlobalSection(SolutionConfigurationPlatforms) = preSolution
		Debug|Any CPU = Debug|Any CPU
		Release|Any CPU = Release|Any CPU
	EndGlobalSection
	GlobalSection(ProjectConfigurationPlatforms) = postSolution
		{2C54CFA8-29C0-4F54-95D6-1F339C240CCF}.Debug|Any CPU.ActiveCfg = Debug|Any CPU
		{2C54CFA8-29C0-4F54-95D6-1F339C240CCF}.Debug|Any CPU.Build.0 = Debug|Any CPU
		{2C54CFA8-29C0-4F54-95D6-1F339C240CCF}.Release|Any CPU.ActiveCfg = Release|Any CPU
		{2C54CFA8-29C0-4F54-95D6-1F339C240CCF}.Release|Any CPU.Build.0 = Release|Any CPU
	EndGlobalSection
	GlobalSection(SolutionProperties) = preSolution
		HideSolutionNode = FALSE
	EndGlobalSection
	GlobalSection(ExtensibilityGlobals) = postSolution
		SolutionGuid = {78B1A7C7-3B03-4EB8-9F05-FDFEDB97726A}
	EndGlobalSection
	GlobalSection(TeamFoundationVersionControl) = preSolution
		SccNumberOfProjects = 2
		SccEnterpriseProvider = {4CA58AB2-18FA-4F8D-95D4-32DDF27D184C}
		SccTeamFoundationServer = https://cvaconsultoria.visualstudio.com/
		SccLocalPath0 = .
		SccProjectUniqueName1 = CVA.Hybel.Monitor.IntegSkaSap\\CVA.Hybel.Monitor.IntegSkaSap.csproj
		SccProjectName1 = CVA.Hybel.Monitor.IntegSkaSap
		SccLocalPath1 = CVA.Hybel.Monitor.IntegSkaSap
	EndGlobalSection
EndGlobal
