
Microsoft Visual Studio Solution File, Format Version 12.00
# Visual Studio 14
VisualStudioVersion = 14.0.25420.1
MinimumVisualStudioVersion = 10.0.40219.1
Project("{FAE04EC0-301F-11D3-BF4B-00C04F79EFBC}") = "CVA.Cointer.BoePrinter", "CVA.Cointer.BoePrinter\CVA.Cointer.BoePrinter.csproj", "{5349595E-3361-4335-B6BC-AA6DC116659E}"
EndProject
Global
	GlobalSection(SolutionConfigurationPlatforms) = preSolution
		Debug|Any CPU = Debug|Any CPU
		Release|Any CPU = Release|Any CPU
	EndGlobalSection
	GlobalSection(ProjectConfigurationPlatforms) = postSolution
		{5349595E-3361-4335-B6BC-AA6DC116659E}.Debug|Any CPU.ActiveCfg = Debug|Any CPU
		{5349595E-3361-4335-B6BC-AA6DC116659E}.Debug|Any CPU.Build.0 = Debug|Any CPU
		{5349595E-3361-4335-B6BC-AA6DC116659E}.Release|Any CPU.ActiveCfg = Release|Any CPU
		{5349595E-3361-4335-B6BC-AA6DC116659E}.Release|Any CPU.Build.0 = Release|Any CPU
	EndGlobalSection
	GlobalSection(SolutionProperties) = preSolution
		HideSolutionNode = FALSE
	EndGlobalSection
	GlobalSection(ExtensibilityGlobals) = postSolution
		SolutionGuid = {CC389FFC-CE8D-4366-AD9E-0D466C5AF560}
	EndGlobalSection
	GlobalSection(TeamFoundationVersionControl) = preSolution
		SccNumberOfProjects = 2
		SccEnterpriseProvider = {4CA58AB2-18FA-4F8D-95D4-32DDF27D184C}
		SccTeamFoundationServer = https://cvaconsultoria.visualstudio.com/
		SccLocalPath0 = .
		SccProjectUniqueName1 = CVA.Cointer.BoePrinter\\CVA.Cointer.BoePrinter.csproj
		SccProjectName1 = CVA.Cointer.BoePrinter
		SccLocalPath1 = CVA.Cointer.BoePrinter
	EndGlobalSection
EndGlobal
