
Microsoft Visual Studio Solution File, Format Version 12.00
# Visual Studio 14
VisualStudioVersion = 14.0.25420.1
MinimumVisualStudioVersion = 10.0.40219.1
Project("{FAE04EC0-301F-11D3-BF4B-00C04F79EFBC}") = "BillingAssistant", "BillingAssistant\BillingAssistant.csproj", "{03A7C49C-D029-46E2-8059-3549F2BD8778}"
EndProject
Project("{FAE04EC0-301F-11D3-BF4B-00C04F79EFBC}") = "BillingAssistant.DatabaseSetup", "BillingAssistant.DatabaseSetup\BillingAssistant.DatabaseSetup.csproj", "{B81D3CC6-2DF4-4E6C-885E-9556947EE5D7}"
EndProject
Global
	GlobalSection(SolutionConfigurationPlatforms) = preSolution
		Debug|Any CPU = Debug|Any CPU
		Debug|x64 = Debug|x64
		Debug|x86 = Debug|x86
		Release|Any CPU = Release|Any CPU
		Release|x64 = Release|x64
		Release|x86 = Release|x86
	EndGlobalSection
	GlobalSection(ProjectConfigurationPlatforms) = postSolution
		{03A7C49C-D029-46E2-8059-3549F2BD8778}.Debug|Any CPU.ActiveCfg = Debug|Any CPU
		{03A7C49C-D029-46E2-8059-3549F2BD8778}.Debug|Any CPU.Build.0 = Debug|Any CPU
		{03A7C49C-D029-46E2-8059-3549F2BD8778}.Debug|x64.ActiveCfg = Debug|x64
		{03A7C49C-D029-46E2-8059-3549F2BD8778}.Debug|x64.Build.0 = Debug|x64
		{03A7C49C-D029-46E2-8059-3549F2BD8778}.Debug|x86.ActiveCfg = Debug|x86
		{03A7C49C-D029-46E2-8059-3549F2BD8778}.Debug|x86.Build.0 = Debug|x86
		{03A7C49C-D029-46E2-8059-3549F2BD8778}.Release|Any CPU.ActiveCfg = Release|Any CPU
		{03A7C49C-D029-46E2-8059-3549F2BD8778}.Release|Any CPU.Build.0 = Release|Any CPU
		{03A7C49C-D029-46E2-8059-3549F2BD8778}.Release|x64.ActiveCfg = Release|x64
		{03A7C49C-D029-46E2-8059-3549F2BD8778}.Release|x64.Build.0 = Release|x64
		{03A7C49C-D029-46E2-8059-3549F2BD8778}.Release|x86.ActiveCfg = Release|x86
		{03A7C49C-D029-46E2-8059-3549F2BD8778}.Release|x86.Build.0 = Release|x86
		{B81D3CC6-2DF4-4E6C-885E-9556947EE5D7}.Debug|Any CPU.ActiveCfg = Debug|Any CPU
		{B81D3CC6-2DF4-4E6C-885E-9556947EE5D7}.Debug|Any CPU.Build.0 = Debug|Any CPU
		{B81D3CC6-2DF4-4E6C-885E-9556947EE5D7}.Debug|x64.ActiveCfg = Debug|x64
		{B81D3CC6-2DF4-4E6C-885E-9556947EE5D7}.Debug|x64.Build.0 = Debug|x64
		{B81D3CC6-2DF4-4E6C-885E-9556947EE5D7}.Debug|x86.ActiveCfg = Debug|Any CPU
		{B81D3CC6-2DF4-4E6C-885E-9556947EE5D7}.Debug|x86.Build.0 = Debug|Any CPU
		{B81D3CC6-2DF4-4E6C-885E-9556947EE5D7}.Release|Any CPU.ActiveCfg = Release|Any CPU
		{B81D3CC6-2DF4-4E6C-885E-9556947EE5D7}.Release|Any CPU.Build.0 = Release|Any CPU
		{B81D3CC6-2DF4-4E6C-885E-9556947EE5D7}.Release|x64.ActiveCfg = Release|x64
		{B81D3CC6-2DF4-4E6C-885E-9556947EE5D7}.Release|x64.Build.0 = Release|x64
		{B81D3CC6-2DF4-4E6C-885E-9556947EE5D7}.Release|x86.ActiveCfg = Release|Any CPU
		{B81D3CC6-2DF4-4E6C-885E-9556947EE5D7}.Release|x86.Build.0 = Release|Any CPU
	EndGlobalSection
	GlobalSection(SolutionProperties) = preSolution
		HideSolutionNode = FALSE
	EndGlobalSection
	GlobalSection(TeamFoundationVersionControl) = preSolution
		SccNumberOfProjects = 3
		SccEnterpriseProvider = {4CA58AB2-18FA-4F8D-95D4-32DDF27D184C}
		SccTeamFoundationServer = https://cvaconsultoria.visualstudio.com/
		SccLocalPath0 = .
		SccProjectUniqueName1 = BillingAssistant.DatabaseSetup\\BillingAssistant.DatabaseSetup.csproj
		SccProjectName1 = BillingAssistant.DatabaseSetup
		SccLocalPath1 = BillingAssistant.DatabaseSetup
		SccProjectUniqueName2 = BillingAssistant\\BillingAssistant.csproj
		SccProjectName2 = BillingAssistant
		SccLocalPath2 = BillingAssistant
	EndGlobalSection
EndGlobal
