
Microsoft Visual Studio Solution File, Format Version 12.00
# Visual Studio Version 16
VisualStudioVersion = 16.0.31515.178
MinimumVisualStudioVersion = 10.0.40219.1
Project("{9A19103F-16F7-4668-BE54-9A1E7A4F7556}") = "CVA.TomTicketDownload", "CVA.TomTicketDownload\CVA.TomTicketDownload.csproj", "{49513154-A987-4668-8BB3-9A9F17A9CA3E}"
EndProject
Global
	GlobalSection(SolutionConfigurationPlatforms) = preSolution
		Debug|Any CPU = Debug|Any CPU
		Release|Any CPU = Release|Any CPU
	EndGlobalSection
	GlobalSection(ProjectConfigurationPlatforms) = postSolution
		{49513154-A987-4668-8BB3-9A9F17A9CA3E}.Debug|Any CPU.ActiveCfg = Debug|Any CPU
		{49513154-A987-4668-8BB3-9A9F17A9CA3E}.Debug|Any CPU.Build.0 = Debug|Any CPU
		{49513154-A987-4668-8BB3-9A9F17A9CA3E}.Release|Any CPU.ActiveCfg = Release|Any CPU
		{49513154-A987-4668-8BB3-9A9F17A9CA3E}.Release|Any CPU.Build.0 = Release|Any CPU
	EndGlobalSection
	GlobalSection(SolutionProperties) = preSolution
		HideSolutionNode = FALSE
	EndGlobalSection
	GlobalSection(ExtensibilityGlobals) = postSolution
		SolutionGuid = {8C7BB7AC-8BAB-4A0C-909F-045CC6B9AC0D}
	EndGlobalSection
	GlobalSection(TeamFoundationVersionControl) = preSolution
		SccNumberOfProjects = 2
		SccEnterpriseProvider = {4CA58AB2-18FA-4F8D-95D4-32DDF27D184C}
		SccTeamFoundationServer = https://cvaconsultoria.visualstudio.com/
		SccLocalPath0 = .
		SccProjectUniqueName1 = CVA.TomTicketDownload\\CVA.TomTicketDownload.csproj
		SccProjectName1 = CVA.TomTicketDownload
		SccLocalPath1 = CVA.TomTicketDownload
	EndGlobalSection
EndGlobal
