
Microsoft Visual Studio Solution File, Format Version 12.00
# Visual Studio 15
VisualStudioVersion = 15.0.28010.0
MinimumVisualStudioVersion = 10.0.40219.1
Project("{FAE04EC0-301F-11D3-BF4B-00C04F79EFBC}") = "CVA.AddOn.Common", "..\..\..\Helpers\CVA.AddOn.Common\CVA.AddOn.Common.csproj", "{B956D6A2-AF35-4116-840C-F4E5CEFD40F6}"
EndProject
Project("{FAE04EC0-301F-11D3-BF4B-00C04F79EFBC}") = "CVA.View.FolhaPagamento.AddOn", "CVA.View.FolhaPagamento.AddOn\CVA.View.FolhaPagamento.AddOn.csproj", "{68E0C645-BB85-4D97-AD24-8AC9CF2204D3}"
EndProject
Project("{FAE04EC0-301F-11D3-BF4B-00C04F79EFBC}") = "CVA.View.FolhaPagamento", "CVA.View.FolhaPagamento\CVA.View.FolhaPagamento.csproj", "{63D004D7-F3D2-4E8B-A1C6-A0DB42374CFF}"
EndProject
Project("{F184B08F-C81C-45F6-A57F-5ABD9991F28F}") = "CVA.View.FolhaPagamento.Setup", "CVA.View.FolhaPagamento.Setup\CVA.View.FolhaPagamento.Setup.vbproj", "{41F719E1-FE3E-433B-92AB-8E7DA92997C7}"
EndProject
Global
	GlobalSection(SolutionConfigurationPlatforms) = preSolution
		Debug|Any CPU = Debug|Any CPU
		Debug|x86 = Debug|x86
		Release|Any CPU = Release|Any CPU
		Release|x86 = Release|x86
	EndGlobalSection
	GlobalSection(ProjectConfigurationPlatforms) = postSolution
		{B956D6A2-AF35-4116-840C-F4E5CEFD40F6}.Debug|Any CPU.ActiveCfg = Debug|Any CPU
		{B956D6A2-AF35-4116-840C-F4E5CEFD40F6}.Debug|Any CPU.Build.0 = Debug|Any CPU
		{B956D6A2-AF35-4116-840C-F4E5CEFD40F6}.Debug|x86.ActiveCfg = Debug|x86
		{B956D6A2-AF35-4116-840C-F4E5CEFD40F6}.Debug|x86.Build.0 = Debug|x86
		{B956D6A2-AF35-4116-840C-F4E5CEFD40F6}.Release|Any CPU.ActiveCfg = Release|Any CPU
		{B956D6A2-AF35-4116-840C-F4E5CEFD40F6}.Release|Any CPU.Build.0 = Release|Any CPU
		{B956D6A2-AF35-4116-840C-F4E5CEFD40F6}.Release|x86.ActiveCfg = Release|x86
		{B956D6A2-AF35-4116-840C-F4E5CEFD40F6}.Release|x86.Build.0 = Release|x86
		{68E0C645-BB85-4D97-AD24-8AC9CF2204D3}.Debug|Any CPU.ActiveCfg = Debug|Any CPU
		{68E0C645-BB85-4D97-AD24-8AC9CF2204D3}.Debug|Any CPU.Build.0 = Debug|Any CPU
		{68E0C645-BB85-4D97-AD24-8AC9CF2204D3}.Debug|x86.ActiveCfg = Debug|Any CPU
		{68E0C645-BB85-4D97-AD24-8AC9CF2204D3}.Debug|x86.Build.0 = Debug|Any CPU
		{68E0C645-BB85-4D97-AD24-8AC9CF2204D3}.Release|Any CPU.ActiveCfg = Release|Any CPU
		{68E0C645-BB85-4D97-AD24-8AC9CF2204D3}.Release|Any CPU.Build.0 = Release|Any CPU
		{68E0C645-BB85-4D97-AD24-8AC9CF2204D3}.Release|x86.ActiveCfg = Release|Any CPU
		{68E0C645-BB85-4D97-AD24-8AC9CF2204D3}.Release|x86.Build.0 = Release|Any CPU
		{63D004D7-F3D2-4E8B-A1C6-A0DB42374CFF}.Debug|Any CPU.ActiveCfg = Debug|Any CPU
		{63D004D7-F3D2-4E8B-A1C6-A0DB42374CFF}.Debug|Any CPU.Build.0 = Debug|Any CPU
		{63D004D7-F3D2-4E8B-A1C6-A0DB42374CFF}.Debug|x86.ActiveCfg = Debug|Any CPU
		{63D004D7-F3D2-4E8B-A1C6-A0DB42374CFF}.Debug|x86.Build.0 = Debug|Any CPU
		{63D004D7-F3D2-4E8B-A1C6-A0DB42374CFF}.Release|Any CPU.ActiveCfg = Release|Any CPU
		{63D004D7-F3D2-4E8B-A1C6-A0DB42374CFF}.Release|Any CPU.Build.0 = Release|Any CPU
		{63D004D7-F3D2-4E8B-A1C6-A0DB42374CFF}.Release|x86.ActiveCfg = Release|Any CPU
		{63D004D7-F3D2-4E8B-A1C6-A0DB42374CFF}.Release|x86.Build.0 = Release|Any CPU
		{41F719E1-FE3E-433B-92AB-8E7DA92997C7}.Debug|Any CPU.ActiveCfg = Debug|Any CPU
		{41F719E1-FE3E-433B-92AB-8E7DA92997C7}.Debug|Any CPU.Build.0 = Debug|Any CPU
		{41F719E1-FE3E-433B-92AB-8E7DA92997C7}.Debug|x86.ActiveCfg = Debug|x86
		{41F719E1-FE3E-433B-92AB-8E7DA92997C7}.Debug|x86.Build.0 = Debug|x86
		{41F719E1-FE3E-433B-92AB-8E7DA92997C7}.Release|Any CPU.ActiveCfg = Release|Any CPU
		{41F719E1-FE3E-433B-92AB-8E7DA92997C7}.Release|Any CPU.Build.0 = Release|Any CPU
		{41F719E1-FE3E-433B-92AB-8E7DA92997C7}.Release|x86.ActiveCfg = Release|x86
		{41F719E1-FE3E-433B-92AB-8E7DA92997C7}.Release|x86.Build.0 = Release|x86
	EndGlobalSection
	GlobalSection(SolutionProperties) = preSolution
		HideSolutionNode = FALSE
	EndGlobalSection
	GlobalSection(ExtensibilityGlobals) = postSolution
		SolutionGuid = {E3ED2B00-2F76-49FF-962C-1039093DB05D}
	EndGlobalSection
	GlobalSection(TeamFoundationVersionControl) = preSolution
		SccNumberOfProjects = 5
		SccEnterpriseProvider = {4CA58AB2-18FA-4F8D-95D4-32DDF27D184C}
		SccTeamFoundationServer = https://cvaconsultoria.visualstudio.com/
		SccProjectUniqueName0 = ..\\..\\..\\Helpers\\CVA.AddOn.Common\\CVA.AddOn.Common.csproj
		SccProjectName0 = ../../Helpers/CVA.AddOn.Common
		SccLocalPath0 = ..\\..\\..\\Helpers\\CVA.AddOn.Common
		SccLocalPath1 = .
		SccProjectUniqueName2 = CVA.View.FolhaPagamento.AddOn\\CVA.View.FolhaPagamento.AddOn.csproj
		SccProjectName2 = CVA.View.FolhaPagamento.AddOn
		SccLocalPath2 = CVA.View.FolhaPagamento.AddOn
		SccProjectUniqueName3 = CVA.View.FolhaPagamento.Setup\\CVA.View.FolhaPagamento.Setup.vbproj
		SccProjectName3 = CVA.View.FolhaPagamento.Setup
		SccLocalPath3 = CVA.View.FolhaPagamento.Setup
		SccProjectUniqueName4 = CVA.View.FolhaPagamento\\CVA.View.FolhaPagamento.csproj
		SccProjectName4 = CVA.View.FolhaPagamento
		SccLocalPath4 = CVA.View.FolhaPagamento
	EndGlobalSection
EndGlobal
