
Microsoft Visual Studio Solution File, Format Version 12.00
# Visual Studio 14
VisualStudioVersion = 14.0.25420.1
MinimumVisualStudioVersion = 10.0.40219.1
Project("{FAE04EC0-301F-11D3-BF4B-00C04F79EFBC}") = "MenuPlanner", "MenuPlanner\MenuPlanner.csproj", "{A0DD0809-BBCC-400D-8A19-D0172DED42B0}"
EndProject
Project("{FAE04EC0-301F-11D3-BF4B-00C04F79EFBC}") = "MenuPlanner.DatabaseSetup", "MenuPlanner.DatabaseSetup\MenuPlanner.DatabaseSetup.csproj", "{B81D3CC6-2DF4-4E6C-885E-9556947EE5D7}"
EndProject
Global
	GlobalSection(SolutionConfigurationPlatforms) = preSolution
		Debug|Any CPU = Debug|Any CPU
		Release|Any CPU = Release|Any CPU
	EndGlobalSection
	GlobalSection(ProjectConfigurationPlatforms) = postSolution
		{A0DD0809-BBCC-400D-8A19-D0172DED42B0}.Debug|Any CPU.ActiveCfg = Debug|Any CPU
		{A0DD0809-BBCC-400D-8A19-D0172DED42B0}.Debug|Any CPU.Build.0 = Debug|Any CPU
		{A0DD0809-BBCC-400D-8A19-D0172DED42B0}.Release|Any CPU.ActiveCfg = Release|Any CPU
		{A0DD0809-BBCC-400D-8A19-D0172DED42B0}.Release|Any CPU.Build.0 = Release|Any CPU
		{B81D3CC6-2DF4-4E6C-885E-9556947EE5D7}.Debug|Any CPU.ActiveCfg = Debug|Any CPU
		{B81D3CC6-2DF4-4E6C-885E-9556947EE5D7}.Debug|Any CPU.Build.0 = Debug|Any CPU
		{B81D3CC6-2DF4-4E6C-885E-9556947EE5D7}.Release|Any CPU.ActiveCfg = Release|Any CPU
		{B81D3CC6-2DF4-4E6C-885E-9556947EE5D7}.Release|Any CPU.Build.0 = Release|Any CPU
	EndGlobalSection
	GlobalSection(SolutionProperties) = preSolution
		HideSolutionNode = FALSE
	EndGlobalSection
	GlobalSection(TeamFoundationVersionControl) = preSolution
		SccNumberOfProjects = 3
		SccEnterpriseProvider = {4CA58AB2-18FA-4F8D-95D4-32DDF27D184C}
		SccTeamFoundationServer = https://cvaconsultoria.visualstudio.com/
		SccLocalPath0 = .
		SccProjectUniqueName1 = MenuPlanner.DatabaseSetup\\MenuPlanner.DatabaseSetup.csproj
		SccProjectName1 = MenuPlanner.DatabaseSetup
		SccLocalPath1 = MenuPlanner.DatabaseSetup
		SccProjectUniqueName2 = MenuPlanner\\MenuPlanner.csproj
		SccProjectName2 = MenuPlanner
		SccLocalPath2 = MenuPlanner
	EndGlobalSection
EndGlobal
