
Microsoft Visual Studio Solution File, Format Version 12.00
# Visual Studio 2013
VisualStudioVersion = 12.0.31101.0
MinimumVisualStudioVersion = 10.0.40219.1
Project("{FAE04EC0-301F-11D3-BF4B-00C04F79EFBC}") = "CVAGestaoWEB", "CVAGestaoWEB\CVAGestaoWEB.csproj", "{B6190843-2B82-4F71-B32A-82AAFADEC352}"
	ProjectSection(ProjectDependencies) = postProject
		{ED9FDCA2-B6F0-4A0E-94FC-8C04D6B832D3} = {ED9FDCA2-B6F0-4A0E-94FC-8C04D6B832D3}
	EndProjectSection
EndProject
Project("{FAE04EC0-301F-11D3-BF4B-00C04F79EFBC}") = "CVAGestaoWEB.Tests", "CVAGestaoWEB.Tests\CVAGestaoWEB.Tests.csproj", "{3B310E5B-217D-4682-B5AE-9F9E1F78D677}"
EndProject
Project("{FAE04EC0-301F-11D3-BF4B-00C04F79EFBC}") = "MODEL", "MODEL\MODEL.csproj", "{B73F84D1-4795-4CAC-AE20-3D39FDFAAF49}"
EndProject
Project("{FAE04EC0-301F-11D3-BF4B-00C04F79EFBC}") = "DAO", "DAO\DAO.csproj", "{F0B74FE2-EB06-4F97-BA10-3F11111E5B6D}"
EndProject
Project("{FAE04EC0-301F-11D3-BF4B-00C04F79EFBC}") = "BLL", "BLL\BLL.csproj", "{E60E7D45-905A-4DCA-96E8-153F1532C29A}"
EndProject
Project("{FAE04EC0-301F-11D3-BF4B-00C04F79EFBC}") = "CVAGestaoService", "CVAGestaoService\CVAGestaoService.csproj", "{ED9FDCA2-B6F0-4A0E-94FC-8C04D6B832D3}"
EndProject
Global
	GlobalSection(SolutionConfigurationPlatforms) = preSolution
		Debug|Any CPU = Debug|Any CPU
		Release|Any CPU = Release|Any CPU
	EndGlobalSection
	GlobalSection(ProjectConfigurationPlatforms) = postSolution
		{B6190843-2B82-4F71-B32A-82AAFADEC352}.Debug|Any CPU.ActiveCfg = Debug|Any CPU
		{B6190843-2B82-4F71-B32A-82AAFADEC352}.Debug|Any CPU.Build.0 = Debug|Any CPU
		{B6190843-2B82-4F71-B32A-82AAFADEC352}.Release|Any CPU.ActiveCfg = Release|Any CPU
		{B6190843-2B82-4F71-B32A-82AAFADEC352}.Release|Any CPU.Build.0 = Release|Any CPU
		{3B310E5B-217D-4682-B5AE-9F9E1F78D677}.Debug|Any CPU.ActiveCfg = Debug|Any CPU
		{3B310E5B-217D-4682-B5AE-9F9E1F78D677}.Debug|Any CPU.Build.0 = Debug|Any CPU
		{3B310E5B-217D-4682-B5AE-9F9E1F78D677}.Release|Any CPU.ActiveCfg = Release|Any CPU
		{3B310E5B-217D-4682-B5AE-9F9E1F78D677}.Release|Any CPU.Build.0 = Release|Any CPU
		{B73F84D1-4795-4CAC-AE20-3D39FDFAAF49}.Debug|Any CPU.ActiveCfg = Debug|Any CPU
		{B73F84D1-4795-4CAC-AE20-3D39FDFAAF49}.Debug|Any CPU.Build.0 = Debug|Any CPU
		{B73F84D1-4795-4CAC-AE20-3D39FDFAAF49}.Release|Any CPU.ActiveCfg = Release|Any CPU
		{B73F84D1-4795-4CAC-AE20-3D39FDFAAF49}.Release|Any CPU.Build.0 = Release|Any CPU
		{F0B74FE2-EB06-4F97-BA10-3F11111E5B6D}.Debug|Any CPU.ActiveCfg = Debug|Any CPU
		{F0B74FE2-EB06-4F97-BA10-3F11111E5B6D}.Debug|Any CPU.Build.0 = Debug|Any CPU
		{F0B74FE2-EB06-4F97-BA10-3F11111E5B6D}.Release|Any CPU.ActiveCfg = Release|Any CPU
		{F0B74FE2-EB06-4F97-BA10-3F11111E5B6D}.Release|Any CPU.Build.0 = Release|Any CPU
		{E60E7D45-905A-4DCA-96E8-153F1532C29A}.Debug|Any CPU.ActiveCfg = Debug|Any CPU
		{E60E7D45-905A-4DCA-96E8-153F1532C29A}.Debug|Any CPU.Build.0 = Debug|Any CPU
		{E60E7D45-905A-4DCA-96E8-153F1532C29A}.Release|Any CPU.ActiveCfg = Release|Any CPU
		{E60E7D45-905A-4DCA-96E8-153F1532C29A}.Release|Any CPU.Build.0 = Release|Any CPU
		{ED9FDCA2-B6F0-4A0E-94FC-8C04D6B832D3}.Debug|Any CPU.ActiveCfg = Debug|Any CPU
		{ED9FDCA2-B6F0-4A0E-94FC-8C04D6B832D3}.Debug|Any CPU.Build.0 = Debug|Any CPU
		{ED9FDCA2-B6F0-4A0E-94FC-8C04D6B832D3}.Release|Any CPU.ActiveCfg = Release|Any CPU
		{ED9FDCA2-B6F0-4A0E-94FC-8C04D6B832D3}.Release|Any CPU.Build.0 = Release|Any CPU
	EndGlobalSection
	GlobalSection(SolutionProperties) = preSolution
		HideSolutionNode = FALSE
	EndGlobalSection
EndGlobal
