
Microsoft Visual Studio Solution File, Format Version 12.00
# Visual Studio Version 16
VisualStudioVersion = 16.0.30503.244
MinimumVisualStudioVersion = 10.0.40219.1
Project("{FAE04EC0-301F-11D3-BF4B-00C04F79EFBC}") = "CVA.Escoteiros.Magento.Stock.Read", "CVA.Escoteiros.Magento.Stock.Read.csproj", "{3E3E6203-7FD6-47D7-A61A-B9A6C7062845}"
EndProject
Global
	GlobalSection(SolutionConfigurationPlatforms) = preSolution
		Debug|Any CPU = Debug|Any CPU
		Release|Any CPU = Release|Any CPU
	EndGlobalSection
	GlobalSection(ProjectConfigurationPlatforms) = postSolution
		{3E3E6203-7FD6-47D7-A61A-B9A6C7062845}.Debug|Any CPU.ActiveCfg = Debug|Any CPU
		{3E3E6203-7FD6-47D7-A61A-B9A6C7062845}.Debug|Any CPU.Build.0 = Debug|Any CPU
		{3E3E6203-7FD6-47D7-A61A-B9A6C7062845}.Release|Any CPU.ActiveCfg = Release|Any CPU
		{3E3E6203-7FD6-47D7-A61A-B9A6C7062845}.Release|Any CPU.Build.0 = Release|Any CPU
	EndGlobalSection
	GlobalSection(SolutionProperties) = preSolution
		HideSolutionNode = FALSE
	EndGlobalSection
	GlobalSection(ExtensibilityGlobals) = postSolution
		SolutionGuid = {3F39E173-2B43-4FF9-B6C8-E0ABD4175670}
	EndGlobalSection
	GlobalSection(TeamFoundationVersionControl) = preSolution
		SccNumberOfProjects = 2
		SccEnterpriseProvider = {4CA58AB2-18FA-4F8D-95D4-32DDF27D184C}
		SccTeamFoundationServer = https://cvaconsultoria.visualstudio.com/
		SccLocalPath0 = .
		SccProjectUniqueName1 = CVA.Escoteiros.Magento.Stock.Read.csproj
		SccLocalPath1 = .
	EndGlobalSection
EndGlobal
