
Microsoft Visual Studio Solution File, Format Version 12.00
# Visual Studio 14
VisualStudioVersion = 14.0.25420.1
MinimumVisualStudioVersion = 10.0.40219.1
Project("{FAE04EC0-301F-11D3-BF4B-00C04F79EFBC}") = "ResetWarehouseOnHand", "ResetWarehouseOnHand\ResetWarehouseOnHand.csproj", "{3BEC9220-5705-4527-9EF3-4093EBE01F33}"
EndProject
Project("{FAE04EC0-301F-11D3-BF4B-00C04F79EFBC}") = "ResetWarehouseOnHand.DBSetup", "ResetWarehouseOnHand.DBSetup\ResetWarehouseOnHand.DBSetup.csproj", "{272139D0-28BC-4F4A-A979-3A0F6A73506D}"
EndProject
Global
	GlobalSection(SolutionConfigurationPlatforms) = preSolution
		Debug|Any CPU = Debug|Any CPU
		Release|Any CPU = Release|Any CPU
	EndGlobalSection
	GlobalSection(ProjectConfigurationPlatforms) = postSolution
		{3BEC9220-5705-4527-9EF3-4093EBE01F33}.Debug|Any CPU.ActiveCfg = Debug|Any CPU
		{3BEC9220-5705-4527-9EF3-4093EBE01F33}.Debug|Any CPU.Build.0 = Debug|Any CPU
		{3BEC9220-5705-4527-9EF3-4093EBE01F33}.Release|Any CPU.ActiveCfg = Release|Any CPU
		{3BEC9220-5705-4527-9EF3-4093EBE01F33}.Release|Any CPU.Build.0 = Release|Any CPU
		{272139D0-28BC-4F4A-A979-3A0F6A73506D}.Debug|Any CPU.ActiveCfg = Debug|Any CPU
		{272139D0-28BC-4F4A-A979-3A0F6A73506D}.Debug|Any CPU.Build.0 = Debug|Any CPU
		{272139D0-28BC-4F4A-A979-3A0F6A73506D}.Release|Any CPU.ActiveCfg = Release|Any CPU
		{272139D0-28BC-4F4A-A979-3A0F6A73506D}.Release|Any CPU.Build.0 = Release|Any CPU
	EndGlobalSection
	GlobalSection(SolutionProperties) = preSolution
		HideSolutionNode = FALSE
	EndGlobalSection
	GlobalSection(TeamFoundationVersionControl) = preSolution
		SccNumberOfProjects = 3
		SccEnterpriseProvider = {4CA58AB2-18FA-4F8D-95D4-32DDF27D184C}
		SccTeamFoundationServer = https://cvaconsultoria.visualstudio.com/
		SccLocalPath0 = .
		SccProjectUniqueName1 = ResetWarehouseOnHand.DBSetup\\ResetWarehouseOnHand.DBSetup.csproj
		SccProjectName1 = ResetWarehouseOnHand.DBSetup
		SccLocalPath1 = ResetWarehouseOnHand.DBSetup
		SccProjectUniqueName2 = ResetWarehouseOnHand\\ResetWarehouseOnHand.csproj
		SccProjectName2 = ResetWarehouseOnHand
		SccLocalPath2 = ResetWarehouseOnHand
	EndGlobalSection
EndGlobal
