
Microsoft Visual Studio Solution File, Format Version 12.00
# Visual Studio Version 16
VisualStudioVersion = 16.0.30907.101
MinimumVisualStudioVersion = 10.0.40219.1
Project("{FAE04EC0-301F-11D3-BF4B-00C04F79EFBC}") = "DIAPI.Test", "DIAPI.Test\DIAPI.Test.csproj", "{541B94B4-1DAE-4DD6-9403-DA47DAE98D49}"
EndProject
Global
	GlobalSection(SolutionConfigurationPlatforms) = preSolution
		Debug|Any CPU = Debug|Any CPU
		Release|Any CPU = Release|Any CPU
	EndGlobalSection
	GlobalSection(ProjectConfigurationPlatforms) = postSolution
		{541B94B4-1DAE-4DD6-9403-DA47DAE98D49}.Debug|Any CPU.ActiveCfg = Debug|Any CPU
		{541B94B4-1DAE-4DD6-9403-DA47DAE98D49}.Debug|Any CPU.Build.0 = Debug|Any CPU
		{541B94B4-1DAE-4DD6-9403-DA47DAE98D49}.Release|Any CPU.ActiveCfg = Release|Any CPU
		{541B94B4-1DAE-4DD6-9403-DA47DAE98D49}.Release|Any CPU.Build.0 = Release|Any CPU
	EndGlobalSection
	GlobalSection(SolutionProperties) = preSolution
		HideSolutionNode = FALSE
	EndGlobalSection
	GlobalSection(ExtensibilityGlobals) = postSolution
		SolutionGuid = {CB0DC3A4-9238-40B6-BDA1-39D226A32134}
	EndGlobalSection
	GlobalSection(TeamFoundationVersionControl) = preSolution
		SccNumberOfProjects = 2
		SccEnterpriseProvider = {4CA58AB2-18FA-4F8D-95D4-32DDF27D184C}
		SccTeamFoundationServer = https://cvaconsultoria.visualstudio.com/
		SccLocalPath0 = .
		SccProjectUniqueName1 = DIAPI.Test\\DIAPI.Test.csproj
		SccProjectName1 = DIAPI.Test
		SccLocalPath1 = DIAPI.Test
	EndGlobalSection
EndGlobal
